<?xml version="1.0" encoding="utf-8"?>
<Project ToolsVersion="4.0" xmlns="http://schemas.microsoft.com/developer/msbuild/2003">
  <ItemGroup>
    <Filter Include="Исходные файлы">
      <UniqueIdentifier>{4FC737F1-C7A5-4376-A066-2A32D752A2FF}</UniqueIdentifier>
      <Extensions>cpp;c;cc;cxx;c++;cppm;ixx;def;odl;idl;hpj;bat;asm;asmx</Extensions>
    </Filter>
    <Filter Include="Файлы заголовков">
      <UniqueIdentifier>{93995380-89BD-4b04-88EB-625FBE52EBFB}</UniqueIdentifier>
      <Extensions>h;hh;hpp;hxx;h++;hm;inl;inc;ipp;xsd</Extensions>
    </Filter>
    <Filter Include="Файлы ресурсов">
      <UniqueIdentifier>{67DA6AB6-F800-4c08-8B7A-83BB121AAD01}</UniqueIdentifier>
      <Extensions>rc;ico;cur;bmp;dlg;rc2;rct;bin;rgs;gif;jpg;jpeg;jpe;resx;tiff;tif;png;wav;mfcribbon-ms</Extensions>
    </Filter>
    <Filter Include="Исходные файлы\thread_pool">
      <UniqueIdentifier>{44a71b65-9c77-4a62-b85b-45869cafd787}</UniqueIdentifier>
    </Filter>
    <Filter Include="Исходные файлы\safe_queue">
      <UniqueIdentifier>{5041ff87-b8be-48dd-85ed-1229057ed6cd}</UniqueIdentifier>
    </Filter>
    <Filter Include="Исходные файлы\crowler">
      <UniqueIdentifier>{6c950ead-af06-448c-b8e0-dc782066935a}</UniqueIdentifier>
    </Filter>
    <Filter Include="Исходные файлы\crowler_database">
      <UniqueIdentifier>{45820caa-7946-479e-902c-d4e376521eb5}</UniqueIdentifier>
    </Filter>
    <Filter Include="Исходные файлы\parser_ini_file">
      <UniqueIdentifier>{e2b57ec8-d3f7-4e77-aacb-be8a8ff71593}</UniqueIdentifier>
    </Filter>
  </ItemGroup>
  <ItemGroup>
    <ClCompile Include="main.cpp">
      <Filter>Исходные файлы</Filter>
    </ClCompile>
    <ClCompile Include="..\_sources\thread_pool\thread_pool.cpp">
      <Filter>Исходные файлы\thread_pool</Filter>
    </ClCompile>
    <ClCompile Include="..\_sources\safe_queue\safe_queue.cpp">
      <Filter>Исходные файлы\safe_queue</Filter>
    </ClCompile>
    <ClCompile Include="..\_sources\crowler\crowler.cpp">
      <Filter>Исходные файлы\crowler</Filter>
    </ClCompile>
    <ClCompile Include="..\_sources\crowler_database\crowler_database.cpp">
      <Filter>Исходные файлы\crowler_database</Filter>
    </ClCompile>
    <ClCompile Include="..\_sources\parser_ini_file\parser_ini_file.cpp">
      <Filter>Исходные файлы\parser_ini_file</Filter>
    </ClCompile>
  </ItemGroup>
  <ItemGroup>
    <ClInclude Include="..\_sources\thread_pool\thread_pool.h">
      <Filter>Исходные файлы\thread_pool</Filter>
    </ClInclude>
    <ClInclude Include="..\_sources\safe_queue\safe_queue.h">
      <Filter>Исходные файлы\safe_queue</Filter>
    </ClInclude>
    <ClInclude Include="..\_sources\crowler\crowler.h">
      <Filter>Исходные файлы\crowler</Filter>
    </ClInclude>
    <ClInclude Include="..\_sources\crowler_database\crowler_database.h">
      <Filter>Исходные файлы\crowler_database</Filter>
    </ClInclude>
    <ClInclude Include="..\_sources\parser_ini_file\parser_ini_file.h">
      <Filter>Исходные файлы\parser_ini_file</Filter>
    </ClInclude>
  </ItemGroup>
</Project>